Microsoft Visual Studio Solution File, Format Version 12.00
# Visual Studio 2012
Project("{FAE04EC0-301F-11D3-BF4B-00C04F79EFBC}") = "2D Adventure Course", "2D Adventure Course.csproj", "{A6E40502-439B-4BED-8BEC-59818785937A}"
EndProject
Global
	GlobalSection(SolutionConfigurationPlatforms) = preSolution
	Debug|Any CPU = Debug|Any CPU
	ExportDebug|Any CPU = ExportDebug|Any CPU
	ExportRelease|Any CPU = ExportRelease|Any CPU
	EndGlobalSection
	GlobalSection(ProjectConfigurationPlatforms) = postSolution
		{A6E40502-439B-4BED-8BEC-59818785937A}.Debug|Any CPU.ActiveCfg = Debug|Any CPU
		{A6E40502-439B-4BED-8BEC-59818785937A}.Debug|Any CPU.Build.0 = Debug|Any CPU
		{A6E40502-439B-4BED-8BEC-59818785937A}.ExportDebug|Any CPU.ActiveCfg = ExportDebug|Any CPU
		{A6E40502-439B-4BED-8BEC-59818785937A}.ExportDebug|Any CPU.Build.0 = ExportDebug|Any CPU
		{A6E40502-439B-4BED-8BEC-59818785937A}.ExportRelease|Any CPU.ActiveCfg = ExportRelease|Any CPU
		{A6E40502-439B-4BED-8BEC-59818785937A}.ExportRelease|Any CPU.Build.0 = ExportRelease|Any CPU
	EndGlobalSection
EndGlobal
